
Microsoft Visual Studio Solution File, Format Version 12.00
# Visual Studio Version 17
VisualStudioVersion = 17.13.35825.156 d17.13
MinimumVisualStudioVersion = 10.0.40219.1
Project("{FAE04EC0-301F-11D3-BF4B-00C04F79EFBC}") = "Collection_MinHeap", "Collection_MinHeap\Collection_MinHeap.csproj", "{2BCE3274-D72F-400B-8C74-61A7EA52A738}"
EndProject
Global
	GlobalSection(SolutionConfigurationPlatforms) = preSolution
		Debug|Any CPU = Debug|Any CPU
		Release|Any CPU = Release|Any CPU
	EndGlobalSection
	GlobalSection(ProjectConfigurationPlatforms) = postSolution
		{2BCE3274-D72F-400B-8C74-61A7EA52A738}.Debug|Any CPU.ActiveCfg = Debug|Any CPU
		{2BCE3274-D72F-400B-8C74-61A7EA52A738}.Debug|Any CPU.Build.0 = Debug|Any CPU
		{2BCE3274-D72F-400B-8C74-61A7EA52A738}.Release|Any CPU.ActiveCfg = Release|Any CPU
		{2BCE3274-D72F-400B-8C74-61A7EA52A738}.Release|Any CPU.Build.0 = Release|Any CPU
	EndGlobalSection
	GlobalSection(SolutionProperties) = preSolution
		HideSolutionNode = FALSE
	EndGlobalSection
	GlobalSection(ExtensibilityGlobals) = postSolution
		SolutionGuid = {93E3FD6D-4D3D-44B4-8F2C-FAE92DEAF7D7}
	EndGlobalSection
EndGlobal
